
Microsoft Visual Studio Solution File, Format Version 12.00
# Visual Studio Version 17
VisualStudioVersion = 17.11.35327.3
MinimumVisualStudioVersion = 10.0.40219.1
Project("{FAE04EC0-301F-11D3-BF4B-00C04F79EFBC}") = "GymLoggerAPI", "GymLoggerAPI\GymLoggerAPI.csproj", "{1481BA79-6B92-4739-94BC-1199479DA944}"
EndProject
Global
	GlobalSection(SolutionConfigurationPlatforms) = preSolution
		Debug|Any CPU = Debug|Any CPU
		Release|Any CPU = Release|Any CPU
	EndGlobalSection
	GlobalSection(ProjectConfigurationPlatforms) = postSolution
		{1481BA79-6B92-4739-94BC-1199479DA944}.Debug|Any CPU.ActiveCfg = Debug|Any CPU
		{1481BA79-6B92-4739-94BC-1199479DA944}.Debug|Any CPU.Build.0 = Debug|Any CPU
		{1481BA79-6B92-4739-94BC-1199479DA944}.Release|Any CPU.ActiveCfg = Release|Any CPU
		{1481BA79-6B92-4739-94BC-1199479DA944}.Release|Any CPU.Build.0 = Release|Any CPU
	EndGlobalSection
	GlobalSection(SolutionProperties) = preSolution
		HideSolutionNode = FALSE
	EndGlobalSection
	GlobalSection(ExtensibilityGlobals) = postSolution
		SolutionGuid = {10413B0D-1AEC-40B8-930E-DAA794820E2B}
	EndGlobalSection
EndGlobal
